// !$*UTF8*$!
{
	archiveVersion = 1;
	classes = {
	};
	objectVersion = 46;
	objects = {

/* Begin PBXBuildFile section */
		777890F71B7E31C700DF908D /* FlickrPhotoCell.swift in Sources */ = {isa = PBXBuildFile; fileRef = 777890F61B7E31C700DF908D /* FlickrPhotoCell.swift */; };
		777890F91B7E35B100DF908D /* FlickrPhotoHeaderView.swift in Sources */ = {isa = PBXBuildFile; fileRef = 777890F81B7E35B100DF908D /* FlickrPhotoHeaderView.swift */; };
		77B30A6D1B7CFE470012A95E /* AppDelegate.swift in Sources */ = {isa = PBXBuildFile; fileRef = 77B30A6C1B7CFE470012A95E /* AppDelegate.swift */; };
		77B30A721B7CFE470012A95E /* Main.storyboard in Resources */ = {isa = PBXBuildFile; fileRef = 77B30A701B7CFE470012A95E /* Main.storyboard */; };
		77B30A741B7CFE470012A95E /* Images.xcassets in Resources */ = {isa = PBXBuildFile; fileRef = 77B30A731B7CFE470012A95E /* Images.xcassets */; };
		77B30A771B7CFE470012A95E /* LaunchScreen.xib in Resources */ = {isa = PBXBuildFile; fileRef = 77B30A751B7CFE470012A95E /* LaunchScreen.xib */; };
		77B30A831B7CFE470012A95E /* FlickrSearchTests.swift in Sources */ = {isa = PBXBuildFile; fileRef = 77B30A821B7CFE470012A95E /* FlickrSearchTests.swift */; };
		77B30A8D1B7D00BE0012A95E /* FlickrPhotosViewController.swift in Sources */ = {isa = PBXBuildFile; fileRef = 77B30A8C1B7D00BE0012A95E /* FlickrPhotosViewController.swift */; };
		77B30A8F1B7D05270012A95E /* FlickrSearcher.swift in Sources */ = {isa = PBXBuildFile; fileRef = 77B30A8E1B7D05270012A95E /* FlickrSearcher.swift */; };
/* End PBXBuildFile section */

/* Begin PBXContainerItemProxy section */
		77B30A7D1B7CFE470012A95E /* PBXContainerItemProxy */ = {
			isa = PBXContainerItemProxy;
			containerPortal = 77B30A5F1B7CFE460012A95E /* Project object */;
			proxyType = 1;
			remoteGlobalIDString = 77B30A661B7CFE460012A95E;
			remoteInfo = FlickrSearch;
		};
/* End PBXContainerItemProxy section */

/* Begin PBXFileReference section */
		777890F61B7E31C700DF908D /* FlickrPhotoCell.swift */ = {isa = PBXFileReference; fileEncoding = 4; lastKnownFileType = sourcecode.swift; path = FlickrPhotoCell.swift; sourceTree = "<group>"; };
		777890F81B7E35B100DF908D /* FlickrPhotoHeaderView.swift */ = {isa = PBXFileReference; fileEncoding = 4; lastKnownFileType = sourcecode.swift; path = FlickrPhotoHeaderView.swift; sourceTree = "<group>"; };
		77B30A671B7CFE470012A95E /* FlickrSearch.app */ = {isa = PBXFileReference; explicitFileType = wrapper.application; includeInIndex = 0; path = FlickrSearch.app; sourceTree = BUILT_PRODUCTS_DIR; };
		77B30A6B1B7CFE470012A95E /* Info.plist */ = {isa = PBXFileReference; lastKnownFileType = text.plist.xml; path = Info.plist; sourceTree = "<group>"; };
		77B30A6C1B7CFE470012A95E /* AppDelegate.swift */ = {isa = PBXFileReference; lastKnownFileType = sourcecode.swift; path = AppDelegate.swift; sourceTree = "<group>"; };
		77B30A711B7CFE470012A95E /* Base */ = {isa = PBXFileReference; lastKnownFileType = file.storyboard; name = Base; path = Base.lproj/Main.storyboard; sourceTree = "<group>"; };
		77B30A731B7CFE470012A95E /* Images.xcassets */ = {isa = PBXFileReference; lastKnownFileType = folder.assetcatalog; path = Images.xcassets; sourceTree = "<group>"; };
		77B30A761B7CFE470012A95E /* Base */ = {isa = PBXFileReference; lastKnownFileType = file.xib; name = Base; path = Base.lproj/LaunchScreen.xib; sourceTree = "<group>"; };
		77B30A7C1B7CFE470012A95E /* FlickrSearchTests.xctest */ = {isa = PBXFileReference; explicitFileType = wrapper.cfbundle; includeInIndex = 0; path = FlickrSearchTests.xctest; sourceTree = BUILT_PRODUCTS_DIR; };
		77B30A811B7CFE470012A95E /* Info.plist */ = {isa = PBXFileReference; lastKnownFileType = text.plist.xml; path = Info.plist; sourceTree = "<group>"; };
		77B30A821B7CFE470012A95E /* FlickrSearchTests.swift */ = {isa = PBXFileReference; lastKnownFileType = sourcecode.swift; path = FlickrSearchTests.swift; sourceTree = "<group>"; };
		77B30A8C1B7D00BE0012A95E /* FlickrPhotosViewController.swift */ = {isa = PBXFileReference; fileEncoding = 4; lastKnownFileType = sourcecode.swift; path = FlickrPhotosViewController.swift; sourceTree = "<group>"; };
		77B30A8E1B7D05270012A95E /* FlickrSearcher.swift */ = {isa = PBXFileReference; fileEncoding = 4; lastKnownFileType = sourcecode.swift; path = FlickrSearcher.swift; sourceTree = "<group>"; };
/* End PBXFileReference section */

/* Begin PBXFrameworksBuildPhase section */
		77B30A641B7CFE460012A95E /* Frameworks */ = {
			isa = PBXFrameworksBuildPhase;
			buildActionMask = 2147483647;
			files = (
			);
			runOnlyForDeploymentPostprocessing = 0;
		};
		77B30A791B7CFE470012A95E /* Frameworks */ = {
			isa = PBXFrameworksBuildPhase;
			buildActionMask = 2147483647;
			files = (
			);
			runOnlyForDeploymentPostprocessing = 0;
		};
/* End PBXFrameworksBuildPhase section */

/* Begin PBXGroup section */
		77B30A5E1B7CFE460012A95E = {
			isa = PBXGroup;
			children = (
				77B30A691B7CFE470012A95E /* FlickrSearch */,
				77B30A7F1B7CFE470012A95E /* FlickrSearchTests */,
				77B30A681B7CFE470012A95E /* Products */,
			);
			sourceTree = "<group>";
		};
		77B30A681B7CFE470012A95E /* Products */ = {
			isa = PBXGroup;
			children = (
				77B30A671B7CFE470012A95E /* FlickrSearch.app */,
				77B30A7C1B7CFE470012A95E /* FlickrSearchTests.xctest */,
			);
			name = Products;
			sourceTree = "<group>";
		};
		77B30A691B7CFE470012A95E /* FlickrSearch */ = {
			isa = PBXGroup;
			children = (
				77B30A8E1B7D05270012A95E /* FlickrSearcher.swift */,
				77B30A6C1B7CFE470012A95E /* AppDelegate.swift */,
				777890F81B7E35B100DF908D /* FlickrPhotoHeaderView.swift */,
				77B30A8C1B7D00BE0012A95E /* FlickrPhotosViewController.swift */,
				777890F61B7E31C700DF908D /* FlickrPhotoCell.swift */,
				77B30A701B7CFE470012A95E /* Main.storyboard */,
				77B30A731B7CFE470012A95E /* Images.xcassets */,
				77B30A751B7CFE470012A95E /* LaunchScreen.xib */,
				77B30A6A1B7CFE470012A95E /* Supporting Files */,
			);
			path = FlickrSearch;
			sourceTree = "<group>";
		};
		77B30A6A1B7CFE470012A95E /* Supporting Files */ = {
			isa = PBXGroup;
			children = (
				77B30A6B1B7CFE470012A95E /* Info.plist */,
			);
			name = "Supporting Files";
			sourceTree = "<group>";
		};
		77B30A7F1B7CFE470012A95E /* FlickrSearchTests */ = {
			isa = PBXGroup;
			children = (
				77B30A821B7CFE470012A95E /* FlickrSearchTests.swift */,
				77B30A801B7CFE470012A95E /* Supporting Files */,
			);
			path = FlickrSearchTests;
			sourceTree = "<group>";
		};
		77B30A801B7CFE470012A95E /* Supporting Files */ = {
			isa = PBXGroup;
			children = (
				77B30A811B7CFE470012A95E /* Info.plist */,
			);
			name = "Supporting Files";
			sourceTree = "<group>";
		};
/* End PBXGroup section */

/* Begin PBXNativeTarget section */
		77B30A661B7CFE460012A95E /* FlickrSearch */ = {
			isa = PBXNativeTarget;
			buildConfigurationList = 77B30A861B7CFE470012A95E /* Build configuration list for PBXNativeTarget "FlickrSearch" */;
			buildPhases = (
				77B30A631B7CFE460012A95E /* Sources */,
				77B30A641B7CFE460012A95E /* Frameworks */,
				77B30A651B7CFE460012A95E /* Resources */,
			);
			buildRules = (
			);
			dependencies = (
			);
			name = FlickrSearch;
			productName = FlickrSearch;
			productReference = 77B30A671B7CFE470012A95E /* FlickrSearch.app */;
			productType = "com.apple.product-type.application";
		};
		77B30A7B1B7CFE470012A95E /* FlickrSearchTests */ = {
			isa = PBXNativeTarget;
			buildConfigurationList = 77B30A891B7CFE470012A95E /* Build configuration list for PBXNativeTarget "FlickrSearchTests" */;
			buildPhases = (
				77B30A781B7CFE470012A95E /* Sources */,
				77B30A791B7CFE470012A95E /* Frameworks */,
				77B30A7A1B7CFE470012A95E /* Resources */,
			);
			buildRules = (
			);
			dependencies = (
				77B30A7E1B7CFE470012A95E /* PBXTargetDependency */,
			);
			name = FlickrSearchTests;
			productName = FlickrSearchTests;
			productReference = 77B30A7C1B7CFE470012A95E /* FlickrSearchTests.xctest */;
			productType = "com.apple.product-type.bundle.unit-test";
		};
/* End PBXNativeTarget section */

/* Begin PBXProject section */
		77B30A5F1B7CFE460012A95E /* Project object */ = {
			isa = PBXProject;
			attributes = {
				LastUpgradeCheck = 0630;
				ORGANIZATIONNAME = "游义男";
				TargetAttributes = {
					77B30A661B7CFE460012A95E = {
						CreatedOnToolsVersion = 6.3.2;
					};
					77B30A7B1B7CFE470012A95E = {
						CreatedOnToolsVersion = 6.3.2;
						TestTargetID = 77B30A661B7CFE460012A95E;
					};
				};
			};
			buildConfigurationList = 77B30A621B7CFE460012A95E /* Build configuration list for PBXProject "FlickrSearch" */;
			compatibilityVersion = "Xcode 3.2";
			developmentRegion = English;
			hasScannedForEncodings = 0;
			knownRegions = (
				en,
				Base,
			);
			mainGroup = 77B30A5E1B7CFE460012A95E;
			productRefGroup = 77B30A681B7CFE470012A95E /* Products */;
			projectDirPath = "";
			projectRoot = "";
			targets = (
				77B30A661B7CFE460012A95E /* FlickrSearch */,
				77B30A7B1B7CFE470012A95E /* FlickrSearchTests */,
			);
		};
/* End PBXProject section */

/* Begin PBXResourcesBuildPhase section */
		77B30A651B7CFE460012A95E /* Resources */ = {
			isa = PBXResourcesBuildPhase;
			buildActionMask = 2147483647;
			files = (
				77B30A721B7CFE470012A95E /* Main.storyboard in Resources */,
				77B30A771B7CFE470012A95E /* LaunchScreen.xib in Resources */,
				77B30A741B7CFE470012A95E /* Images.xcassets in Resources */,
			);
			runOnlyForDeploymentPostprocessing = 0;
		};
		77B30A7A1B7CFE470012A95E /* Resources */ = {
			isa = PBXResourcesBuildPhase;
			buildActionMask = 2147483647;
			files = (
			);
			runOnlyForDeploymentPostprocessing = 0;
		};
/* End PBXResourcesBuildPhase section */

/* Begin PBXSourcesBuildPhase section */
		77B30A631B7CFE460012A95E /* Sources */ = {
			isa = PBXSourcesBuildPhase;
			buildActionMask = 2147483647;
			files = (
				77B30A8F1B7D05270012A95E /* FlickrSearcher.swift in Sources */,
				777890F71B7E31C700DF908D /* FlickrPhotoCell.swift in Sources */,
				777890F91B7E35B100DF908D /* FlickrPhotoHeaderView.swift in Sources */,
				77B30A8D1B7D00BE0012A95E /* FlickrPhotosViewController.swift in Sources */,
				77B30A6D1B7CFE470012A95E /* AppDelegate.swift in Sources */,
			);
			runOnlyForDeploymentPostprocessing = 0;
		};
		77B30A781B7CFE470012A95E /* Sources */ = {
			isa = PBXSourcesBuildPhase;
			buildActionMask = 2147483647;
			files = (
				77B30A831B7CFE470012A95E /* FlickrSearchTests.swift in Sources */,
			);
			runOnlyForDeploymentPostprocessing = 0;
		};
/* End PBXSourcesBuildPhase section */

/* Begin PBXTargetDependency section */
		77B30A7E1B7CFE470012A95E /* PBXTargetDependency */ = {
			isa = PBXTargetDependency;
			target = 77B30A661B7CFE460012A95E /* FlickrSearch */;
			targetProxy = 77B30A7D1B7CFE470012A95E /* PBXContainerItemProxy */;
		};
/* End PBXTargetDependency section */

/* Begin PBXVariantGroup section */
		77B30A701B7CFE470012A95E /* Main.storyboard */ = {
			isa = PBXVariantGroup;
			children = (
				77B30A711B7CFE470012A95E /* Base */,
			);
			name = Main.storyboard;
			sourceTree = "<group>";
		};
		77B30A751B7CFE470012A95E /* LaunchScreen.xib */ = {
			isa = PBXVariantGroup;
			children = (
				77B30A761B7CFE470012A95E /* Base */,
			);
			name = LaunchScreen.xib;
			sourceTree = "<group>";
		};
/* End PBXVariantGroup section */

/* Begin XCBuildConfiguration section */
		77B30A841B7CFE470012A95E /* Debug */ = {
			isa = XCBuildConfiguration;
			buildSettings = {
				ALWAYS_SEARCH_USER_PATHS = NO;
				CLANG_CXX_LANGUAGE_STANDARD = "gnu++0x";
				CLANG_CXX_LIBRARY = "libc++";
				CLANG_ENABLE_MODULES = YES;
				CLANG_ENABLE_OBJC_ARC = YES;
				CLANG_WARN_BOOL_CONVERSION = YES;
				CLANG_WARN_CONSTANT_CONVERSION = YES;
				CLANG_WARN_DIRECT_OBJC_ISA_USAGE = YES_ERROR;
				CLANG_WARN_EMPTY_BODY = YES;
				CLANG_WARN_ENUM_CONVERSION = YES;
				CLANG_WARN_INT_CONVERSION = YES;
				CLANG_WARN_OBJC_ROOT_CLASS = YES_ERROR;
				CLANG_WARN_UNREACHABLE_CODE = YES;
				CLANG_WARN__DUPLICATE_METHOD_MATCH = YES;
				"CODE_SIGN_IDENTITY[sdk=iphoneos*]" = "iPhone Developer";
				COPY_PHASE_STRIP = NO;
				DEBUG_INFORMATION_FORMAT = "dwarf-with-dsym";
				ENABLE_STRICT_OBJC_MSGSEND = YES;
				GCC_C_LANGUAGE_STANDARD = gnu99;
				GCC_DYNAMIC_NO_PIC = NO;
				GCC_NO_COMMON_BLOCKS = YES;
				GCC_OPTIMIZATION_LEVEL = 0;
				GCC_PREPROCESSOR_DEFINITIONS = (
					"DEBUG=1",
					"$(inherited)",
				);
				GCC_SYMBOLS_PRIVATE_EXTERN = NO;
				GCC_WARN_64_TO_32_BIT_CONVERSION = YES;
				GCC_WARN_ABOUT_RETURN_TYPE = YES_ERROR;
				GCC_WARN_UNDECLARED_SELECTOR = YES;
				GCC_WARN_UNINITIALIZED_AUTOS = YES_AGGRESSIVE;
				GCC_WARN_UNUSED_FUNCTION = YES;
				GCC_WARN_UNUSED_VARIABLE = YES;
				IPHONEOS_DEPLOYMENT_TARGET = 8.3;
				MTL_ENABLE_DEBUG_INFO = YES;
				ONLY_ACTIVE_ARCH = YES;
				SDKROOT = iphoneos;
				SWIFT_OPTIMIZATION_LEVEL = "-Onone";
			};
			name = Debug;
		};
		77B30A851B7CFE470012A95E /* Release */ = {
			isa = XCBuildConfiguration;
			buildSettings = {
				ALWAYS_SEARCH_USER_PATHS = NO;
				CLANG_CXX_LANGUAGE_STANDARD = "gnu++0x";
				CLANG_CXX_LIBRARY = "libc++";
				CLANG_ENABLE_MODULES = YES;
				CLANG_ENABLE_OBJC_ARC = YES;
				CLANG_WARN_BOOL_CONVERSION = YES;
				CLANG_WARN_CONSTANT_CONVERSION = YES;
				CLANG_WARN_DIRECT_OBJC_ISA_USAGE = YES_ERROR;
				CLANG_WARN_EMPTY_BODY = YES;
				CLANG_WARN_ENUM_CONVERSION = YES;
				CLANG_WARN_INT_CONVERSION = YES;
				CLANG_WARN_OBJC_ROOT_CLASS = YES_ERROR;
				CLANG_WARN_UNREACHABLE_CODE = YES;
				CLANG_WARN__DUPLICATE_METHOD_MATCH = YES;
				"CODE_SIGN_IDENTITY[sdk=iphoneos*]" = "iPhone Developer";
				COPY_PHASE_STRIP = NO;
				DEBUG_INFORMATION_FORMAT = "dwarf-with-dsym";
				ENABLE_NS_ASSERTIONS = NO;
				ENABLE_STRICT_OBJC_MSGSEND = YES;
				GCC_C_LANGUAGE_STANDARD = gnu99;
				GCC_NO_COMMON_BLOCKS = YES;
				GCC_WARN_64_TO_32_BIT_CONVERSION = YES;
				GCC_WARN_ABOUT_RETURN_TYPE = YES_ERROR;
				GCC_WARN_UNDECLARED_SELECTOR = YES;
				GCC_WARN_UNINITIALIZED_AUTOS = YES_AGGRESSIVE;
				GCC_WARN_UNUSED_FUNCTION = YES;
				GCC_WARN_UNUSED_VARIABLE = YES;
				IPHONEOS_DEPLOYMENT_TARGET = 8.3;
				MTL_ENABLE_DEBUG_INFO = NO;
				SDKROOT = iphoneos;
				VALIDATE_PRODUCT = YES;
			};
			name = Release;
		};
		77B30A871B7CFE470012A95E /* Debug */ = {
			isa = XCBuildConfiguration;
			buildSettings = {
				ASSETCATALOG_COMPILER_APPICON_NAME = AppIcon;
				INFOPLIST_FILE = FlickrSearch/Info.plist;
				LD_RUNPATH_SEARCH_PATHS = "$(inherited) @executable_path/Frameworks";
				PRODUCT_NAME = "$(TARGET_NAME)";
			};
			name = Debug;
		};
		77B30A881B7CFE470012A95E /* Release */ = {
			isa = XCBuildConfiguration;
			buildSettings = {
				ASSETCATALOG_COMPILER_APPICON_NAME = AppIcon;
				INFOPLIST_FILE = FlickrSearch/Info.plist;
				LD_RUNPATH_SEARCH_PATHS = "$(inherited) @executable_path/Frameworks";
				PRODUCT_NAME = "$(TARGET_NAME)";
			};
			name = Release;
		};
		77B30A8A1B7CFE470012A95E /* Debug */ = {
			isa = XCBuildConfiguration;
			buildSettings = {
				BUNDLE_LOADER = "$(TEST_HOST)";
				FRAMEWORK_SEARCH_PATHS = (
					"$(SDKROOT)/Developer/Library/Frameworks",
					"$(inherited)",
				);
				GCC_PREPROCESSOR_DEFINITIONS = (
					"DEBUG=1",
					"$(inherited)",
				);
				INFOPLIST_FILE = FlickrSearchTests/Info.plist;
				LD_RUNPATH_SEARCH_PATHS = "$(inherited) @executable_path/Frameworks @loader_path/Frameworks";
				PRODUCT_NAME = "$(TARGET_NAME)";
				TEST_HOST = "$(BUILT_PRODUCTS_DIR)/FlickrSearch.app/FlickrSearch";
			};
			name = Debug;
		};
		77B30A8B1B7CFE470012A95E /* Release */ = {
			isa = XCBuildConfiguration;
			buildSettings = {
				BUNDLE_LOADER = "$(TEST_HOST)";
				FRAMEWORK_SEARCH_PATHS = (
					"$(SDKROOT)/Developer/Library/Frameworks",
					"$(inherited)",
				);
				INFOPLIST_FILE = FlickrSearchTests/Info.plist;
				LD_RUNPATH_SEARCH_PATHS = "$(inherited) @executable_path/Frameworks @loader_path/Frameworks";
				PRODUCT_NAME = "$(TARGET_NAME)";
				TEST_HOST = "$(BUILT_PRODUCTS_DIR)/FlickrSearch.app/FlickrSearch";
			};
			name = Release;
		};
/* End XCBuildConfiguration section */

/* Begin XCConfigurationList section */
		77B30A621B7CFE460012A95E /* Build configuration list for PBXProject "FlickrSearch" */ = {
			isa = XCConfigurationList;
			buildConfigurations = (
				77B30A841B7CFE470012A95E /* Debug */,
				77B30A851B7CFE470012A95E /* Release */,
			);
			defaultConfigurationIsVisible = 0;
			defaultConfigurationName = Release;
		};
		77B30A861B7CFE470012A95E /* Build configuration list for PBXNativeTarget "FlickrSearch" */ = {
			isa = XCConfigurationList;
			buildConfigurations = (
				77B30A871B7CFE470012A95E /* Debug */,
				77B30A881B7CFE470012A95E /* Release */,
			);
			defaultConfigurationIsVisible = 0;
			defaultConfigurationName = Release;
		};
		77B30A891B7CFE470012A95E /* Build configuration list for PBXNativeTarget "FlickrSearchTests" */ = {
			isa = XCConfigurationList;
			buildConfigurations = (
				77B30A8A1B7CFE470012A95E /* Debug */,
				77B30A8B1B7CFE470012A95E /* Release */,
			);
			defaultConfigurationIsVisible = 0;
			defaultConfigurationName = Release;
		};
/* End XCConfigurationList section */
	};
	rootObject = 77B30A5F1B7CFE460012A95E /* Project object */;
}
